
Microsoft Visual Studio Solution File, Format Version 12.00
# Visual Studio Version 17
VisualStudioVersion = 17.3.32901.215
MinimumVisualStudioVersion = 10.0.40219.1
Project("{FAE04EC0-301F-11D3-BF4B-00C04F79EFBC}") = "B1_Biro", "B1_Biro\B1_Biro.csproj", "{6DC3423E-D740-44DB-BC95-604F046F72F5}"
EndProject
Global
	GlobalSection(SolutionConfigurationPlatforms) = preSolution
		Debug|Any CPU = Debug|Any CPU
		Release|Any CPU = Release|Any CPU
	EndGlobalSection
	GlobalSection(ProjectConfigurationPlatforms) = postSolution
		{6DC3423E-D740-44DB-BC95-604F046F72F5}.Debug|Any CPU.ActiveCfg = Debug|Any CPU
		{6DC3423E-D740-44DB-BC95-604F046F72F5}.Debug|Any CPU.Build.0 = Debug|Any CPU
		{6DC3423E-D740-44DB-BC95-604F046F72F5}.Release|Any CPU.ActiveCfg = Release|Any CPU
		{6DC3423E-D740-44DB-BC95-604F046F72F5}.Release|Any CPU.Build.0 = Release|Any CPU
	EndGlobalSection
	GlobalSection(SolutionProperties) = preSolution
		HideSolutionNode = FALSE
	EndGlobalSection
	GlobalSection(ExtensibilityGlobals) = postSolution
		SolutionGuid = {964E8344-0570-4B6E-BA4E-98479B294F2C}
	EndGlobalSection
EndGlobal
